
Microsoft Visual Studio Solution File, Format Version 12.00
# Visual Studio Version 16
VisualStudioVersion = 25.0.1704.2
MinimumVisualStudioVersion = 10.0.40219.1
Project("{FAE04EC0-301F-11D3-BF4B-00C04F79EFBC}") = "giveToken", "giveToken\giveToken.csproj", "{78579DFC-B5D4-41ED-A0E5-4F57E40324B3}"
EndProject
Global
	GlobalSection(SolutionConfigurationPlatforms) = preSolution
		Debug|Any CPU = Debug|Any CPU
		Release|Any CPU = Release|Any CPU
	EndGlobalSection
	GlobalSection(ProjectConfigurationPlatforms) = postSolution
		{78579DFC-B5D4-41ED-A0E5-4F57E40324B3}.Debug|Any CPU.ActiveCfg = Debug|Any CPU
		{78579DFC-B5D4-41ED-A0E5-4F57E40324B3}.Debug|Any CPU.Build.0 = Debug|Any CPU
		{78579DFC-B5D4-41ED-A0E5-4F57E40324B3}.Release|Any CPU.ActiveCfg = Release|Any CPU
		{78579DFC-B5D4-41ED-A0E5-4F57E40324B3}.Release|Any CPU.Build.0 = Release|Any CPU
	EndGlobalSection
	GlobalSection(SolutionProperties) = preSolution
		HideSolutionNode = FALSE
	EndGlobalSection
	GlobalSection(ExtensibilityGlobals) = postSolution
		SolutionGuid = {E78AABFF-6702-4BC8-93B2-35C7561B9F97}
	EndGlobalSection
EndGlobal
